// !$*UTF8*$!
{
	archiveVersion = 1;
	classes = {
	};
	objectVersion = 56;
	objects = {

/* Begin PBXBuildFile section */
		/* App */
		/* End PBXBuildFile section */

/* Begin PBXFileReference section */
		/* App */
		/* End PBXFileReference section */

/* Begin PBXFrameworksBuildPhase section */
		/* App */
		/* End PBXFrameworksBuildPhase section */

/* Begin PBXGroup section */
		/* App */
		/* End PBXGroup section */

/* Begin PBXNativeTarget section */
		/* App */
		/* End PBXNativeTarget section */

/* Begin XCBuildConfiguration section */
		/* App */
		/* End XCBuildConfiguration section */

/* Begin XCConfigurationList section */
		/* App */
		/* End XCConfigurationList section */
	};
	rootObject = /* Project object */;
}
